
Microsoft Visual Studio Solution File, Format Version 12.00
# Visual Studio Version 16
VisualStudioVersion = 16.0.30114.105
MinimumVisualStudioVersion = 10.0.40219.1
Project("{9A19103F-16F7-4668-BE54-9A1E7A4F7556}") = "GreedFlameTale", "GreedFlameTale\GreedFlameTale.csproj", "{2B5F56D7-E149-4CE3-8751-8D66ACF62C6D}"
EndProject
Project("{9A19103F-16F7-4668-BE54-9A1E7A4F7556}") = "GreedFlameTale.Tests", "GreedFlameTale.Tests\GreedFlameTale.Tests.csproj", "{D38671D6-B10F-4104-B5D2-B107B02C204D}"
EndProject
Global
	GlobalSection(SolutionConfigurationPlatforms) = preSolution
		Debug|Any CPU = Debug|Any CPU
		Debug|x64 = Debug|x64
		Debug|x86 = Debug|x86
		Release|Any CPU = Release|Any CPU
		Release|x64 = Release|x64
		Release|x86 = Release|x86
	EndGlobalSection
	GlobalSection(ProjectConfigurationPlatforms) = postSolution
		{2B5F56D7-E149-4CE3-8751-8D66ACF62C6D}.Debug|Any CPU.ActiveCfg = Debug|Any CPU
		{2B5F56D7-E149-4CE3-8751-8D66ACF62C6D}.Debug|Any CPU.Build.0 = Debug|Any CPU
		{2B5F56D7-E149-4CE3-8751-8D66ACF62C6D}.Debug|x64.ActiveCfg = Debug|Any CPU
		{2B5F56D7-E149-4CE3-8751-8D66ACF62C6D}.Debug|x64.Build.0 = Debug|Any CPU
		{2B5F56D7-E149-4CE3-8751-8D66ACF62C6D}.Debug|x86.ActiveCfg = Debug|Any CPU
		{2B5F56D7-E149-4CE3-8751-8D66ACF62C6D}.Debug|x86.Build.0 = Debug|Any CPU
		{2B5F56D7-E149-4CE3-8751-8D66ACF62C6D}.Release|Any CPU.ActiveCfg = Release|Any CPU
		{2B5F56D7-E149-4CE3-8751-8D66ACF62C6D}.Release|Any CPU.Build.0 = Release|Any CPU
		{2B5F56D7-E149-4CE3-8751-8D66ACF62C6D}.Release|x64.ActiveCfg = Release|Any CPU
		{2B5F56D7-E149-4CE3-8751-8D66ACF62C6D}.Release|x64.Build.0 = Release|Any CPU
		{2B5F56D7-E149-4CE3-8751-8D66ACF62C6D}.Release|x86.ActiveCfg = Release|Any CPU
		{2B5F56D7-E149-4CE3-8751-8D66ACF62C6D}.Release|x86.Build.0 = Release|Any CPU
		{D38671D6-B10F-4104-B5D2-B107B02C204D}.Debug|Any CPU.ActiveCfg = Debug|Any CPU
		{D38671D6-B10F-4104-B5D2-B107B02C204D}.Debug|Any CPU.Build.0 = Debug|Any CPU
		{D38671D6-B10F-4104-B5D2-B107B02C204D}.Debug|x64.ActiveCfg = Debug|Any CPU
		{D38671D6-B10F-4104-B5D2-B107B02C204D}.Debug|x64.Build.0 = Debug|Any CPU
		{D38671D6-B10F-4104-B5D2-B107B02C204D}.Debug|x86.ActiveCfg = Debug|Any CPU
		{D38671D6-B10F-4104-B5D2-B107B02C204D}.Debug|x86.Build.0 = Debug|Any CPU
		{D38671D6-B10F-4104-B5D2-B107B02C204D}.Release|Any CPU.ActiveCfg = Release|Any CPU
		{D38671D6-B10F-4104-B5D2-B107B02C204D}.Release|Any CPU.Build.0 = Release|Any CPU
		{D38671D6-B10F-4104-B5D2-B107B02C204D}.Release|x64.ActiveCfg = Release|Any CPU
		{D38671D6-B10F-4104-B5D2-B107B02C204D}.Release|x64.Build.0 = Release|Any CPU
		{D38671D6-B10F-4104-B5D2-B107B02C204D}.Release|x86.ActiveCfg = Release|Any CPU
		{D38671D6-B10F-4104-B5D2-B107B02C204D}.Release|x86.Build.0 = Release|Any CPU
	EndGlobalSection
	GlobalSection(SolutionProperties) = preSolution
		HideSolutionNode = FALSE
	EndGlobalSection
	GlobalSection(ExtensibilityGlobals) = postSolution
		SolutionGuid = {65A64066-5391-4145-904A-9F5AFA0CF37D}
	EndGlobalSection
EndGlobal
